
Microsoft Visual Studio Solution File, Format Version 12.00
# Visual Studio Version 17
VisualStudioVersion = 17.8.34408.163
MinimumVisualStudioVersion = 10.0.40219.1
Project("{FAE04EC0-301F-11D3-BF4B-00C04F79EFBC}") = "OpenWeatherMap-Exercise", "OpenWeatherMap-Exercise.csproj", "{0C4DB56B-46C2-415F-8B17-CCD1EE9C9171}"
EndProject
Global
	GlobalSection(SolutionConfigurationPlatforms) = preSolution
		Debug|Any CPU = Debug|Any CPU
		Release|Any CPU = Release|Any CPU
	EndGlobalSection
	GlobalSection(ProjectConfigurationPlatforms) = postSolution
		{0C4DB56B-46C2-415F-8B17-CCD1EE9C9171}.Debug|Any CPU.ActiveCfg = Debug|Any CPU
		{0C4DB56B-46C2-415F-8B17-CCD1EE9C9171}.Debug|Any CPU.Build.0 = Debug|Any CPU
		{0C4DB56B-46C2-415F-8B17-CCD1EE9C9171}.Release|Any CPU.ActiveCfg = Release|Any CPU
		{0C4DB56B-46C2-415F-8B17-CCD1EE9C9171}.Release|Any CPU.Build.0 = Release|Any CPU
	EndGlobalSection
	GlobalSection(SolutionProperties) = preSolution
		HideSolutionNode = FALSE
	EndGlobalSection
	GlobalSection(ExtensibilityGlobals) = postSolution
		SolutionGuid = {768AA8FF-6179-485F-B465-45A898B382EE}
	EndGlobalSection
EndGlobal
